
Microsoft Visual Studio Solution File, Format Version 12.00
# Visual Studio 15
VisualStudioVersion = 15.0.27130.2010
MinimumVisualStudioVersion = 10.0.40219.1
Project("{9A19103F-16F7-4668-BE54-9A1E7A4F7556}") = "01. Matrix of Palindromes", "01. Matrix of Palindromes\01. Matrix of Palindromes.csproj", "{4416DB94-9EAD-4EF8-BD12-1EDB6277395D}"
EndProject
Project("{9A19103F-16F7-4668-BE54-9A1E7A4F7556}") = "02. Diagonal Difference", "02. Diagonal Difference\02. Diagonal Difference.csproj", "{4463D553-9B8A-42E8-AD1E-08930110C79B}"
EndProject
Project("{9A19103F-16F7-4668-BE54-9A1E7A4F7556}") = "03. Squares in Matrix", "03. Squares in Matrix\03. Squares in Matrix.csproj", "{D006CC10-60CC-46E3-A404-570BD4ACE8F9}"
EndProject
Project("{9A19103F-16F7-4668-BE54-9A1E7A4F7556}") = "04. Maximal Sum", "04. Maximal Sum\04. Maximal Sum.csproj", "{067685B8-2F4F-4E5E-A0A5-F11899AC8CE5}"
EndProject
Project("{9A19103F-16F7-4668-BE54-9A1E7A4F7556}") = "05. Rubiks Matrix", "05. Rubiks Matrix\05. Rubiks Matrix.csproj", "{13601F0C-4400-44FE-B8B1-4724364FA71A}"
EndProject
Project("{9A19103F-16F7-4668-BE54-9A1E7A4F7556}") = "07. Lego Blocks", "07. Lego Blocks\07. Lego Blocks.csproj", "{6368DD7C-759D-40C6-8DA7-F3FE9B960FE5}"
EndProject
Project("{9A19103F-16F7-4668-BE54-9A1E7A4F7556}") = "09. Crossfire", "09. Crossfire\09. Crossfire.csproj", "{FE3E5B4B-1FE8-4222-B21E-8340D8D53789}"
EndProject
Project("{9A19103F-16F7-4668-BE54-9A1E7A4F7556}") = "10. The Heigan Dance", "10. The Heigan Dance\10. The Heigan Dance.csproj", "{1D49F835-4113-4E6B-B860-7523AE372F0F}"
EndProject
Project("{9A19103F-16F7-4668-BE54-9A1E7A4F7556}") = "11. Parking System", "11. Parking System\11. Parking System.csproj", "{D0663079-5412-4108-978F-F0F373C7DC2A}"
EndProject
Project("{FAE04EC0-301F-11D3-BF4B-00C04F79EFBC}") = "12. String Matrix Rotation", "12. String Matrix Rotation\12. String Matrix Rotation.csproj", "{0DE69637-F66A-40B1-B2E0-37299DC9DF70}"
EndProject
Global
	GlobalSection(SolutionConfigurationPlatforms) = preSolution
		Debug|Any CPU = Debug|Any CPU
		Release|Any CPU = Release|Any CPU
	EndGlobalSection
	GlobalSection(ProjectConfigurationPlatforms) = postSolution
		{4416DB94-9EAD-4EF8-BD12-1EDB6277395D}.Debug|Any CPU.ActiveCfg = Debug|Any CPU
		{4416DB94-9EAD-4EF8-BD12-1EDB6277395D}.Debug|Any CPU.Build.0 = Debug|Any CPU
		{4416DB94-9EAD-4EF8-BD12-1EDB6277395D}.Release|Any CPU.ActiveCfg = Release|Any CPU
		{4416DB94-9EAD-4EF8-BD12-1EDB6277395D}.Release|Any CPU.Build.0 = Release|Any CPU
		{4463D553-9B8A-42E8-AD1E-08930110C79B}.Debug|Any CPU.ActiveCfg = Debug|Any CPU
		{4463D553-9B8A-42E8-AD1E-08930110C79B}.Debug|Any CPU.Build.0 = Debug|Any CPU
		{4463D553-9B8A-42E8-AD1E-08930110C79B}.Release|Any CPU.ActiveCfg = Release|Any CPU
		{4463D553-9B8A-42E8-AD1E-08930110C79B}.Release|Any CPU.Build.0 = Release|Any CPU
		{D006CC10-60CC-46E3-A404-570BD4ACE8F9}.Debug|Any CPU.ActiveCfg = Debug|Any CPU
		{D006CC10-60CC-46E3-A404-570BD4ACE8F9}.Debug|Any CPU.Build.0 = Debug|Any CPU
		{D006CC10-60CC-46E3-A404-570BD4ACE8F9}.Release|Any CPU.ActiveCfg = Release|Any CPU
		{D006CC10-60CC-46E3-A404-570BD4ACE8F9}.Release|Any CPU.Build.0 = Release|Any CPU
		{067685B8-2F4F-4E5E-A0A5-F11899AC8CE5}.Debug|Any CPU.ActiveCfg = Debug|Any CPU
		{067685B8-2F4F-4E5E-A0A5-F11899AC8CE5}.Debug|Any CPU.Build.0 = Debug|Any CPU
		{067685B8-2F4F-4E5E-A0A5-F11899AC8CE5}.Release|Any CPU.ActiveCfg = Release|Any CPU
		{067685B8-2F4F-4E5E-A0A5-F11899AC8CE5}.Release|Any CPU.Build.0 = Release|Any CPU
		{13601F0C-4400-44FE-B8B1-4724364FA71A}.Debug|Any CPU.ActiveCfg = Debug|Any CPU
		{13601F0C-4400-44FE-B8B1-4724364FA71A}.Debug|Any CPU.Build.0 = Debug|Any CPU
		{13601F0C-4400-44FE-B8B1-4724364FA71A}.Release|Any CPU.ActiveCfg = Release|Any CPU
		{13601F0C-4400-44FE-B8B1-4724364FA71A}.Release|Any CPU.Build.0 = Release|Any CPU
		{6368DD7C-759D-40C6-8DA7-F3FE9B960FE5}.Debug|Any CPU.ActiveCfg = Debug|Any CPU
		{6368DD7C-759D-40C6-8DA7-F3FE9B960FE5}.Debug|Any CPU.Build.0 = Debug|Any CPU
		{6368DD7C-759D-40C6-8DA7-F3FE9B960FE5}.Release|Any CPU.ActiveCfg = Release|Any CPU
		{6368DD7C-759D-40C6-8DA7-F3FE9B960FE5}.Release|Any CPU.Build.0 = Release|Any CPU
		{FE3E5B4B-1FE8-4222-B21E-8340D8D53789}.Debug|Any CPU.ActiveCfg = Debug|Any CPU
		{FE3E5B4B-1FE8-4222-B21E-8340D8D53789}.Debug|Any CPU.Build.0 = Debug|Any CPU
		{FE3E5B4B-1FE8-4222-B21E-8340D8D53789}.Release|Any CPU.ActiveCfg = Release|Any CPU
		{FE3E5B4B-1FE8-4222-B21E-8340D8D53789}.Release|Any CPU.Build.0 = Release|Any CPU
		{1D49F835-4113-4E6B-B860-7523AE372F0F}.Debug|Any CPU.ActiveCfg = Debug|Any CPU
		{1D49F835-4113-4E6B-B860-7523AE372F0F}.Debug|Any CPU.Build.0 = Debug|Any CPU
		{1D49F835-4113-4E6B-B860-7523AE372F0F}.Release|Any CPU.ActiveCfg = Release|Any CPU
		{1D49F835-4113-4E6B-B860-7523AE372F0F}.Release|Any CPU.Build.0 = Release|Any CPU
		{D0663079-5412-4108-978F-F0F373C7DC2A}.Debug|Any CPU.ActiveCfg = Debug|Any CPU
		{D0663079-5412-4108-978F-F0F373C7DC2A}.Debug|Any CPU.Build.0 = Debug|Any CPU
		{D0663079-5412-4108-978F-F0F373C7DC2A}.Release|Any CPU.ActiveCfg = Release|Any CPU
		{D0663079-5412-4108-978F-F0F373C7DC2A}.Release|Any CPU.Build.0 = Release|Any CPU
		{0DE69637-F66A-40B1-B2E0-37299DC9DF70}.Debug|Any CPU.ActiveCfg = Debug|Any CPU
		{0DE69637-F66A-40B1-B2E0-37299DC9DF70}.Debug|Any CPU.Build.0 = Debug|Any CPU
		{0DE69637-F66A-40B1-B2E0-37299DC9DF70}.Release|Any CPU.ActiveCfg = Release|Any CPU
		{0DE69637-F66A-40B1-B2E0-37299DC9DF70}.Release|Any CPU.Build.0 = Release|Any CPU
	EndGlobalSection
	GlobalSection(SolutionProperties) = preSolution
		HideSolutionNode = FALSE
	EndGlobalSection
	GlobalSection(ExtensibilityGlobals) = postSolution
		SolutionGuid = {68BB0F08-D2D2-4724-9A19-353BD2E2B318}
	EndGlobalSection
EndGlobal
