
Microsoft Visual Studio Solution File, Format Version 12.00
# Visual Studio 15
VisualStudioVersion = 15.0.27130.2027
MinimumVisualStudioVersion = 10.0.40219.1
Project("{FAE04EC0-301F-11D3-BF4B-00C04F79EFBC}") = "01. Bank Account", "01. Bank Account\01. Bank Account.csproj", "{D9331CED-2CF4-4A72-AE17-AC1EACEFBD3E}"
EndProject
Project("{FAE04EC0-301F-11D3-BF4B-00C04F79EFBC}") = "02. Bank Account Methods", "02. Bank Account Methods\02. Bank Account Methods.csproj", "{C586CB37-76B8-4802-9C99-8A2AF6C4C8AE}"
EndProject
Project("{FAE04EC0-301F-11D3-BF4B-00C04F79EFBC}") = "03. Test Client", "03. Test Client\03. Test Client.csproj", "{336F256D-6315-4F49-B335-B332989605DA}"
EndProject
Project("{FAE04EC0-301F-11D3-BF4B-00C04F79EFBC}") = "04. Person Class", "04. Person Class\04. Person Class.csproj", "{47BA5D3B-C253-4F03-AF0E-41695DE7FA14}"
EndProject
Global
	GlobalSection(SolutionConfigurationPlatforms) = preSolution
		Debug|Any CPU = Debug|Any CPU
		Release|Any CPU = Release|Any CPU
	EndGlobalSection
	GlobalSection(ProjectConfigurationPlatforms) = postSolution
		{D9331CED-2CF4-4A72-AE17-AC1EACEFBD3E}.Debug|Any CPU.ActiveCfg = Debug|Any CPU
		{D9331CED-2CF4-4A72-AE17-AC1EACEFBD3E}.Debug|Any CPU.Build.0 = Debug|Any CPU
		{D9331CED-2CF4-4A72-AE17-AC1EACEFBD3E}.Release|Any CPU.ActiveCfg = Release|Any CPU
		{D9331CED-2CF4-4A72-AE17-AC1EACEFBD3E}.Release|Any CPU.Build.0 = Release|Any CPU
		{C586CB37-76B8-4802-9C99-8A2AF6C4C8AE}.Debug|Any CPU.ActiveCfg = Debug|Any CPU
		{C586CB37-76B8-4802-9C99-8A2AF6C4C8AE}.Debug|Any CPU.Build.0 = Debug|Any CPU
		{C586CB37-76B8-4802-9C99-8A2AF6C4C8AE}.Release|Any CPU.ActiveCfg = Release|Any CPU
		{C586CB37-76B8-4802-9C99-8A2AF6C4C8AE}.Release|Any CPU.Build.0 = Release|Any CPU
		{336F256D-6315-4F49-B335-B332989605DA}.Debug|Any CPU.ActiveCfg = Debug|Any CPU
		{336F256D-6315-4F49-B335-B332989605DA}.Debug|Any CPU.Build.0 = Debug|Any CPU
		{336F256D-6315-4F49-B335-B332989605DA}.Release|Any CPU.ActiveCfg = Release|Any CPU
		{336F256D-6315-4F49-B335-B332989605DA}.Release|Any CPU.Build.0 = Release|Any CPU
		{47BA5D3B-C253-4F03-AF0E-41695DE7FA14}.Debug|Any CPU.ActiveCfg = Debug|Any CPU
		{47BA5D3B-C253-4F03-AF0E-41695DE7FA14}.Debug|Any CPU.Build.0 = Debug|Any CPU
		{47BA5D3B-C253-4F03-AF0E-41695DE7FA14}.Release|Any CPU.ActiveCfg = Release|Any CPU
		{47BA5D3B-C253-4F03-AF0E-41695DE7FA14}.Release|Any CPU.Build.0 = Release|Any CPU
	EndGlobalSection
	GlobalSection(SolutionProperties) = preSolution
		HideSolutionNode = FALSE
	EndGlobalSection
	GlobalSection(ExtensibilityGlobals) = postSolution
		SolutionGuid = {724590E3-3DC8-4335-9FCA-5DC7C845DB8B}
	EndGlobalSection
EndGlobal
