
Microsoft Visual Studio Solution File, Format Version 12.00
# Visual Studio 15
VisualStudioVersion = 15.0.27130.2027
MinimumVisualStudioVersion = 10.0.40219.1
Project("{FAE04EC0-301F-11D3-BF4B-00C04F79EFBC}") = "01.MathOperations", "01.MathOperations\01.MathOperations.csproj", "{F97B7953-8744-4C2C-8B8F-129DC8034E1C}"
EndProject
Project("{FAE04EC0-301F-11D3-BF4B-00C04F79EFBC}") = "02.Animals", "02.Animals\02.Animals.csproj", "{380DFD28-9810-472A-98D5-E0DF98DCE302}"
EndProject
Project("{FAE04EC0-301F-11D3-BF4B-00C04F79EFBC}") = "03.Shapes", "03.Shapes\03.Shapes.csproj", "{6E6C92F0-C970-47F0-A760-441F67C03F4A}"
EndProject
Global
	GlobalSection(SolutionConfigurationPlatforms) = preSolution
		Debug|Any CPU = Debug|Any CPU
		Release|Any CPU = Release|Any CPU
	EndGlobalSection
	GlobalSection(ProjectConfigurationPlatforms) = postSolution
		{F97B7953-8744-4C2C-8B8F-129DC8034E1C}.Debug|Any CPU.ActiveCfg = Debug|Any CPU
		{F97B7953-8744-4C2C-8B8F-129DC8034E1C}.Debug|Any CPU.Build.0 = Debug|Any CPU
		{F97B7953-8744-4C2C-8B8F-129DC8034E1C}.Release|Any CPU.ActiveCfg = Release|Any CPU
		{F97B7953-8744-4C2C-8B8F-129DC8034E1C}.Release|Any CPU.Build.0 = Release|Any CPU
		{380DFD28-9810-472A-98D5-E0DF98DCE302}.Debug|Any CPU.ActiveCfg = Debug|Any CPU
		{380DFD28-9810-472A-98D5-E0DF98DCE302}.Debug|Any CPU.Build.0 = Debug|Any CPU
		{380DFD28-9810-472A-98D5-E0DF98DCE302}.Release|Any CPU.ActiveCfg = Release|Any CPU
		{380DFD28-9810-472A-98D5-E0DF98DCE302}.Release|Any CPU.Build.0 = Release|Any CPU
		{6E6C92F0-C970-47F0-A760-441F67C03F4A}.Debug|Any CPU.ActiveCfg = Debug|Any CPU
		{6E6C92F0-C970-47F0-A760-441F67C03F4A}.Debug|Any CPU.Build.0 = Debug|Any CPU
		{6E6C92F0-C970-47F0-A760-441F67C03F4A}.Release|Any CPU.ActiveCfg = Release|Any CPU
		{6E6C92F0-C970-47F0-A760-441F67C03F4A}.Release|Any CPU.Build.0 = Release|Any CPU
	EndGlobalSection
	GlobalSection(SolutionProperties) = preSolution
		HideSolutionNode = FALSE
	EndGlobalSection
	GlobalSection(ExtensibilityGlobals) = postSolution
		SolutionGuid = {4A30778B-82A0-4825-98DE-6B8F12FF544B}
	EndGlobalSection
EndGlobal
