
Microsoft Visual Studio Solution File, Format Version 12.00
# Visual Studio 15
VisualStudioVersion = 15.0.27130.2027
MinimumVisualStudioVersion = 10.0.40219.1
Project("{9A19103F-16F7-4668-BE54-9A1E7A4F7556}") = "01.DefineAnInterfaceIPerson", "01.DefineAnInterfaceIPerson\01.DefineAnInterfaceIPerson.csproj", "{47FBFEE2-3C37-41AB-99B8-D6672C29CB12}"
EndProject
Project("{9A19103F-16F7-4668-BE54-9A1E7A4F7556}") = "02.MultipleImplementation", "02.MultipleImplementation\02.MultipleImplementation.csproj", "{4D6754C1-3629-45FA-B133-60F9C08F35EA}"
EndProject
Project("{9A19103F-16F7-4668-BE54-9A1E7A4F7556}") = "03.Ferrari", "03.Ferrari\03.Ferrari.csproj", "{9D633B0D-6BD5-4301-8EF3-614460A6146B}"
EndProject
Project("{9A19103F-16F7-4668-BE54-9A1E7A4F7556}") = "04.Telephony", "04.Telephony\04.Telephony.csproj", "{5ED0F34E-01D7-4AD3-9D30-3719A4FA28C7}"
EndProject
Project("{9A19103F-16F7-4668-BE54-9A1E7A4F7556}") = "05.BorderControl", "05.BorderControl\05.BorderControl.csproj", "{C4B87DAC-1EC1-4980-AC4F-6C1068B45C1C}"
EndProject
Project("{FAE04EC0-301F-11D3-BF4B-00C04F79EFBC}") = "06.BirthdayCelebrations", "06.BirthdayCelebrations\06.BirthdayCelebrations.csproj", "{BEE269E2-ABE4-424A-A80C-2081C93E39A3}"
EndProject
Project("{FAE04EC0-301F-11D3-BF4B-00C04F79EFBC}") = "07.FoodShortage", "07.FoodShortage\07.FoodShortage.csproj", "{9D673C36-85D6-44D1-8CB7-ADC5EB43E4B1}"
EndProject
Project("{FAE04EC0-301F-11D3-BF4B-00C04F79EFBC}") = "10.ExplicitInterfaces", "10.ExplicitInterfaces\10.ExplicitInterfaces.csproj", "{FBCA7665-0892-400F-A6B9-823D3A0F4F00}"
EndProject
Project("{FAE04EC0-301F-11D3-BF4B-00C04F79EFBC}") = "09.CollectionHierarchy", "09.CollectionHierarchy\09.CollectionHierarchy.csproj", "{07890DB7-6C77-4175-84DF-17D43C55BE57}"
EndProject
Project("{FAE04EC0-301F-11D3-BF4B-00C04F79EFBC}") = "08.MilitaryElite", "08.MilitaryElite\08.MilitaryElite.csproj", "{75FD1C4F-C692-4B4E-B50F-89A07E69F7D3}"
EndProject
Global
	GlobalSection(SolutionConfigurationPlatforms) = preSolution
		Debug|Any CPU = Debug|Any CPU
		Release|Any CPU = Release|Any CPU
	EndGlobalSection
	GlobalSection(ProjectConfigurationPlatforms) = postSolution
		{47FBFEE2-3C37-41AB-99B8-D6672C29CB12}.Debug|Any CPU.ActiveCfg = Debug|Any CPU
		{47FBFEE2-3C37-41AB-99B8-D6672C29CB12}.Debug|Any CPU.Build.0 = Debug|Any CPU
		{47FBFEE2-3C37-41AB-99B8-D6672C29CB12}.Release|Any CPU.ActiveCfg = Release|Any CPU
		{47FBFEE2-3C37-41AB-99B8-D6672C29CB12}.Release|Any CPU.Build.0 = Release|Any CPU
		{4D6754C1-3629-45FA-B133-60F9C08F35EA}.Debug|Any CPU.ActiveCfg = Debug|Any CPU
		{4D6754C1-3629-45FA-B133-60F9C08F35EA}.Debug|Any CPU.Build.0 = Debug|Any CPU
		{4D6754C1-3629-45FA-B133-60F9C08F35EA}.Release|Any CPU.ActiveCfg = Release|Any CPU
		{4D6754C1-3629-45FA-B133-60F9C08F35EA}.Release|Any CPU.Build.0 = Release|Any CPU
		{9D633B0D-6BD5-4301-8EF3-614460A6146B}.Debug|Any CPU.ActiveCfg = Debug|Any CPU
		{9D633B0D-6BD5-4301-8EF3-614460A6146B}.Debug|Any CPU.Build.0 = Debug|Any CPU
		{9D633B0D-6BD5-4301-8EF3-614460A6146B}.Release|Any CPU.ActiveCfg = Release|Any CPU
		{9D633B0D-6BD5-4301-8EF3-614460A6146B}.Release|Any CPU.Build.0 = Release|Any CPU
		{5ED0F34E-01D7-4AD3-9D30-3719A4FA28C7}.Debug|Any CPU.ActiveCfg = Debug|Any CPU
		{5ED0F34E-01D7-4AD3-9D30-3719A4FA28C7}.Debug|Any CPU.Build.0 = Debug|Any CPU
		{5ED0F34E-01D7-4AD3-9D30-3719A4FA28C7}.Release|Any CPU.ActiveCfg = Release|Any CPU
		{5ED0F34E-01D7-4AD3-9D30-3719A4FA28C7}.Release|Any CPU.Build.0 = Release|Any CPU
		{C4B87DAC-1EC1-4980-AC4F-6C1068B45C1C}.Debug|Any CPU.ActiveCfg = Debug|Any CPU
		{C4B87DAC-1EC1-4980-AC4F-6C1068B45C1C}.Debug|Any CPU.Build.0 = Debug|Any CPU
		{C4B87DAC-1EC1-4980-AC4F-6C1068B45C1C}.Release|Any CPU.ActiveCfg = Release|Any CPU
		{C4B87DAC-1EC1-4980-AC4F-6C1068B45C1C}.Release|Any CPU.Build.0 = Release|Any CPU
		{BEE269E2-ABE4-424A-A80C-2081C93E39A3}.Debug|Any CPU.ActiveCfg = Debug|Any CPU
		{BEE269E2-ABE4-424A-A80C-2081C93E39A3}.Debug|Any CPU.Build.0 = Debug|Any CPU
		{BEE269E2-ABE4-424A-A80C-2081C93E39A3}.Release|Any CPU.ActiveCfg = Release|Any CPU
		{BEE269E2-ABE4-424A-A80C-2081C93E39A3}.Release|Any CPU.Build.0 = Release|Any CPU
		{9D673C36-85D6-44D1-8CB7-ADC5EB43E4B1}.Debug|Any CPU.ActiveCfg = Debug|Any CPU
		{9D673C36-85D6-44D1-8CB7-ADC5EB43E4B1}.Debug|Any CPU.Build.0 = Debug|Any CPU
		{9D673C36-85D6-44D1-8CB7-ADC5EB43E4B1}.Release|Any CPU.ActiveCfg = Release|Any CPU
		{9D673C36-85D6-44D1-8CB7-ADC5EB43E4B1}.Release|Any CPU.Build.0 = Release|Any CPU
		{FBCA7665-0892-400F-A6B9-823D3A0F4F00}.Debug|Any CPU.ActiveCfg = Debug|Any CPU
		{FBCA7665-0892-400F-A6B9-823D3A0F4F00}.Debug|Any CPU.Build.0 = Debug|Any CPU
		{FBCA7665-0892-400F-A6B9-823D3A0F4F00}.Release|Any CPU.ActiveCfg = Release|Any CPU
		{FBCA7665-0892-400F-A6B9-823D3A0F4F00}.Release|Any CPU.Build.0 = Release|Any CPU
		{07890DB7-6C77-4175-84DF-17D43C55BE57}.Debug|Any CPU.ActiveCfg = Debug|Any CPU
		{07890DB7-6C77-4175-84DF-17D43C55BE57}.Debug|Any CPU.Build.0 = Debug|Any CPU
		{07890DB7-6C77-4175-84DF-17D43C55BE57}.Release|Any CPU.ActiveCfg = Release|Any CPU
		{07890DB7-6C77-4175-84DF-17D43C55BE57}.Release|Any CPU.Build.0 = Release|Any CPU
		{75FD1C4F-C692-4B4E-B50F-89A07E69F7D3}.Debug|Any CPU.ActiveCfg = Debug|Any CPU
		{75FD1C4F-C692-4B4E-B50F-89A07E69F7D3}.Debug|Any CPU.Build.0 = Debug|Any CPU
		{75FD1C4F-C692-4B4E-B50F-89A07E69F7D3}.Release|Any CPU.ActiveCfg = Release|Any CPU
		{75FD1C4F-C692-4B4E-B50F-89A07E69F7D3}.Release|Any CPU.Build.0 = Release|Any CPU
	EndGlobalSection
	GlobalSection(SolutionProperties) = preSolution
		HideSolutionNode = FALSE
	EndGlobalSection
	GlobalSection(ExtensibilityGlobals) = postSolution
		SolutionGuid = {F85F5616-C1C9-413C-8913-2CF06CAB3F4F}
	EndGlobalSection
EndGlobal
