
Microsoft Visual Studio Solution File, Format Version 12.00
# Visual Studio 15
VisualStudioVersion = 15.0.27130.2027
MinimumVisualStudioVersion = 10.0.40219.1
Project("{9A19103F-16F7-4668-BE54-9A1E7A4F7556}") = "01. Jedi Meditation", "01. Jedi Meditation\01. Jedi Meditation.csproj", "{561FF2B4-4BD8-462E-9947-A5AAD50B0367}"
EndProject
Project("{9A19103F-16F7-4668-BE54-9A1E7A4F7556}") = "02. Jedi Galaxy", "02. Jedi Galaxy\02. Jedi Galaxy.csproj", "{432AD390-72A7-49DD-AEA4-DEA35E4C2309}"
EndProject
Global
	GlobalSection(SolutionConfigurationPlatforms) = preSolution
		Debug|Any CPU = Debug|Any CPU
		Release|Any CPU = Release|Any CPU
	EndGlobalSection
	GlobalSection(ProjectConfigurationPlatforms) = postSolution
		{561FF2B4-4BD8-462E-9947-A5AAD50B0367}.Debug|Any CPU.ActiveCfg = Debug|Any CPU
		{561FF2B4-4BD8-462E-9947-A5AAD50B0367}.Debug|Any CPU.Build.0 = Debug|Any CPU
		{561FF2B4-4BD8-462E-9947-A5AAD50B0367}.Release|Any CPU.ActiveCfg = Release|Any CPU
		{561FF2B4-4BD8-462E-9947-A5AAD50B0367}.Release|Any CPU.Build.0 = Release|Any CPU
		{432AD390-72A7-49DD-AEA4-DEA35E4C2309}.Debug|Any CPU.ActiveCfg = Debug|Any CPU
		{432AD390-72A7-49DD-AEA4-DEA35E4C2309}.Debug|Any CPU.Build.0 = Debug|Any CPU
		{432AD390-72A7-49DD-AEA4-DEA35E4C2309}.Release|Any CPU.ActiveCfg = Release|Any CPU
		{432AD390-72A7-49DD-AEA4-DEA35E4C2309}.Release|Any CPU.Build.0 = Release|Any CPU
	EndGlobalSection
	GlobalSection(SolutionProperties) = preSolution
		HideSolutionNode = FALSE
	EndGlobalSection
	GlobalSection(ExtensibilityGlobals) = postSolution
		SolutionGuid = {B37EEA02-965A-4C79-8229-93DDC9408A52}
	EndGlobalSection
EndGlobal
