
Microsoft Visual Studio Solution File, Format Version 12.00
# Visual Studio 15
VisualStudioVersion = 15.0.27130.2027
MinimumVisualStudioVersion = 10.0.40219.1
Project("{FAE04EC0-301F-11D3-BF4B-00C04F79EFBC}") = "01.Box", "01.Box\01.Box.csproj", "{7BCD70EB-0C89-450C-ABEC-F31C31EDEC52}"
EndProject
Project("{FAE04EC0-301F-11D3-BF4B-00C04F79EFBC}") = "02.ArrayCreator", "02.ArrayCreator\02.ArrayCreator.csproj", "{C149D791-A9DC-4177-A4D0-0DB615252274}"
EndProject
Project("{FAE04EC0-301F-11D3-BF4B-00C04F79EFBC}") = "03.Scale", "03.Scale\03.Scale.csproj", "{73930E67-C893-46DD-ADFD-67CB1D03A556}"
EndProject
Global
	GlobalSection(SolutionConfigurationPlatforms) = preSolution
		Debug|Any CPU = Debug|Any CPU
		Release|Any CPU = Release|Any CPU
	EndGlobalSection
	GlobalSection(ProjectConfigurationPlatforms) = postSolution
		{7BCD70EB-0C89-450C-ABEC-F31C31EDEC52}.Debug|Any CPU.ActiveCfg = Debug|Any CPU
		{7BCD70EB-0C89-450C-ABEC-F31C31EDEC52}.Debug|Any CPU.Build.0 = Debug|Any CPU
		{7BCD70EB-0C89-450C-ABEC-F31C31EDEC52}.Release|Any CPU.ActiveCfg = Release|Any CPU
		{7BCD70EB-0C89-450C-ABEC-F31C31EDEC52}.Release|Any CPU.Build.0 = Release|Any CPU
		{C149D791-A9DC-4177-A4D0-0DB615252274}.Debug|Any CPU.ActiveCfg = Debug|Any CPU
		{C149D791-A9DC-4177-A4D0-0DB615252274}.Debug|Any CPU.Build.0 = Debug|Any CPU
		{C149D791-A9DC-4177-A4D0-0DB615252274}.Release|Any CPU.ActiveCfg = Release|Any CPU
		{C149D791-A9DC-4177-A4D0-0DB615252274}.Release|Any CPU.Build.0 = Release|Any CPU
		{73930E67-C893-46DD-ADFD-67CB1D03A556}.Debug|Any CPU.ActiveCfg = Debug|Any CPU
		{73930E67-C893-46DD-ADFD-67CB1D03A556}.Debug|Any CPU.Build.0 = Debug|Any CPU
		{73930E67-C893-46DD-ADFD-67CB1D03A556}.Release|Any CPU.ActiveCfg = Release|Any CPU
		{73930E67-C893-46DD-ADFD-67CB1D03A556}.Release|Any CPU.Build.0 = Release|Any CPU
	EndGlobalSection
	GlobalSection(SolutionProperties) = preSolution
		HideSolutionNode = FALSE
	EndGlobalSection
	GlobalSection(ExtensibilityGlobals) = postSolution
		SolutionGuid = {6AF78B25-684D-4568-892D-A562CC3CDBC7}
	EndGlobalSection
EndGlobal
