
Microsoft Visual Studio Solution File, Format Version 12.00
# Visual Studio 15
VisualStudioVersion = 15.0.27130.2027
MinimumVisualStudioVersion = 10.0.40219.1
Project("{FAE04EC0-301F-11D3-BF4B-00C04F79EFBC}") = "01. Define a Class Person", "01. Define a Class Person\01. Define a Class Person.csproj", "{794D58C7-7574-4797-97D4-887DA55B438D}"
EndProject
Global
	GlobalSection(SolutionConfigurationPlatforms) = preSolution
		Debug|Any CPU = Debug|Any CPU
		Release|Any CPU = Release|Any CPU
	EndGlobalSection
	GlobalSection(ProjectConfigurationPlatforms) = postSolution
		{794D58C7-7574-4797-97D4-887DA55B438D}.Debug|Any CPU.ActiveCfg = Debug|Any CPU
		{794D58C7-7574-4797-97D4-887DA55B438D}.Debug|Any CPU.Build.0 = Debug|Any CPU
		{794D58C7-7574-4797-97D4-887DA55B438D}.Release|Any CPU.ActiveCfg = Release|Any CPU
		{794D58C7-7574-4797-97D4-887DA55B438D}.Release|Any CPU.Build.0 = Release|Any CPU
	EndGlobalSection
	GlobalSection(SolutionProperties) = preSolution
		HideSolutionNode = FALSE
	EndGlobalSection
	GlobalSection(ExtensibilityGlobals) = postSolution
		SolutionGuid = {CF82F653-9C5A-409C-8BE1-6307C5D1FB2D}
	EndGlobalSection
EndGlobal
