
Microsoft Visual Studio Solution File, Format Version 12.00
# Visual Studio 15
VisualStudioVersion = 15.0.27130.2027
MinimumVisualStudioVersion = 10.0.40219.1
Project("{FAE04EC0-301F-11D3-BF4B-00C04F79EFBC}") = "Minedraft", "Minedraft\Minedraft.csproj", "{55F5EF9A-AA27-4D0E-AAF8-30B59335A08F}"
EndProject
Global
	GlobalSection(SolutionConfigurationPlatforms) = preSolution
		Debug|Any CPU = Debug|Any CPU
		Release|Any CPU = Release|Any CPU
	EndGlobalSection
	GlobalSection(ProjectConfigurationPlatforms) = postSolution
		{55F5EF9A-AA27-4D0E-AAF8-30B59335A08F}.Debug|Any CPU.ActiveCfg = Debug|Any CPU
		{55F5EF9A-AA27-4D0E-AAF8-30B59335A08F}.Debug|Any CPU.Build.0 = Debug|Any CPU
		{55F5EF9A-AA27-4D0E-AAF8-30B59335A08F}.Release|Any CPU.ActiveCfg = Release|Any CPU
		{55F5EF9A-AA27-4D0E-AAF8-30B59335A08F}.Release|Any CPU.Build.0 = Release|Any CPU
	EndGlobalSection
	GlobalSection(SolutionProperties) = preSolution
		HideSolutionNode = FALSE
	EndGlobalSection
	GlobalSection(ExtensibilityGlobals) = postSolution
		SolutionGuid = {00441A85-AB61-4FA5-8480-DAE7FB28DCFA}
	EndGlobalSection
EndGlobal
