
Microsoft Visual Studio Solution File, Format Version 12.00
# Visual Studio 15
VisualStudioVersion = 15.0.27130.2027
MinimumVisualStudioVersion = 10.0.40219.1
Project("{9A19103F-16F7-4668-BE54-9A1E7A4F7556}") = "02.ClassBoxDataValidation", "02.ClassBoxDataValidation\02.ClassBoxDataValidation.csproj", "{960ECB79-05F0-4715-B82E-5C2D1BC62E81}"
EndProject
Project("{9A19103F-16F7-4668-BE54-9A1E7A4F7556}") = "01.ClassBox", "01.ClassBox\01.ClassBox.csproj", "{4B50B787-EE82-40FB-9900-CCC16EDDEB8E}"
EndProject
Project("{9A19103F-16F7-4668-BE54-9A1E7A4F7556}") = "03.AnimalFarm", "03.AnimalFarm\03.AnimalFarm.csproj", "{83F80AD2-7A27-45DE-9211-0488E7114508}"
EndProject
Project("{9A19103F-16F7-4668-BE54-9A1E7A4F7556}") = "04.ShoppingSpree", "04.ShoppingSpree\04.ShoppingSpree.csproj", "{9263659C-C571-42A1-9262-123B8DE8F70F}"
EndProject
Project("{9A19103F-16F7-4668-BE54-9A1E7A4F7556}") = "05.PizzaCalories", "05.PizzaCalories\05.PizzaCalories.csproj", "{16D62F5F-7268-4EC0-B123-B640E6C31AE4}"
EndProject
Project("{FAE04EC0-301F-11D3-BF4B-00C04F79EFBC}") = "06.FootballTeamGenerator", "06.FootballTeamGenerator\06.FootballTeamGenerator.csproj", "{BE7FC81D-D979-4BE3-BA9E-C772F519E15A}"
EndProject
Global
	GlobalSection(SolutionConfigurationPlatforms) = preSolution
		Debug|Any CPU = Debug|Any CPU
		Release|Any CPU = Release|Any CPU
	EndGlobalSection
	GlobalSection(ProjectConfigurationPlatforms) = postSolution
		{960ECB79-05F0-4715-B82E-5C2D1BC62E81}.Debug|Any CPU.ActiveCfg = Debug|Any CPU
		{960ECB79-05F0-4715-B82E-5C2D1BC62E81}.Debug|Any CPU.Build.0 = Debug|Any CPU
		{960ECB79-05F0-4715-B82E-5C2D1BC62E81}.Release|Any CPU.ActiveCfg = Release|Any CPU
		{960ECB79-05F0-4715-B82E-5C2D1BC62E81}.Release|Any CPU.Build.0 = Release|Any CPU
		{4B50B787-EE82-40FB-9900-CCC16EDDEB8E}.Debug|Any CPU.ActiveCfg = Debug|Any CPU
		{4B50B787-EE82-40FB-9900-CCC16EDDEB8E}.Debug|Any CPU.Build.0 = Debug|Any CPU
		{4B50B787-EE82-40FB-9900-CCC16EDDEB8E}.Release|Any CPU.ActiveCfg = Release|Any CPU
		{4B50B787-EE82-40FB-9900-CCC16EDDEB8E}.Release|Any CPU.Build.0 = Release|Any CPU
		{83F80AD2-7A27-45DE-9211-0488E7114508}.Debug|Any CPU.ActiveCfg = Debug|Any CPU
		{83F80AD2-7A27-45DE-9211-0488E7114508}.Debug|Any CPU.Build.0 = Debug|Any CPU
		{83F80AD2-7A27-45DE-9211-0488E7114508}.Release|Any CPU.ActiveCfg = Release|Any CPU
		{83F80AD2-7A27-45DE-9211-0488E7114508}.Release|Any CPU.Build.0 = Release|Any CPU
		{9263659C-C571-42A1-9262-123B8DE8F70F}.Debug|Any CPU.ActiveCfg = Debug|Any CPU
		{9263659C-C571-42A1-9262-123B8DE8F70F}.Debug|Any CPU.Build.0 = Debug|Any CPU
		{9263659C-C571-42A1-9262-123B8DE8F70F}.Release|Any CPU.ActiveCfg = Release|Any CPU
		{9263659C-C571-42A1-9262-123B8DE8F70F}.Release|Any CPU.Build.0 = Release|Any CPU
		{16D62F5F-7268-4EC0-B123-B640E6C31AE4}.Debug|Any CPU.ActiveCfg = Debug|Any CPU
		{16D62F5F-7268-4EC0-B123-B640E6C31AE4}.Debug|Any CPU.Build.0 = Debug|Any CPU
		{16D62F5F-7268-4EC0-B123-B640E6C31AE4}.Release|Any CPU.ActiveCfg = Release|Any CPU
		{16D62F5F-7268-4EC0-B123-B640E6C31AE4}.Release|Any CPU.Build.0 = Release|Any CPU
		{BE7FC81D-D979-4BE3-BA9E-C772F519E15A}.Debug|Any CPU.ActiveCfg = Debug|Any CPU
		{BE7FC81D-D979-4BE3-BA9E-C772F519E15A}.Debug|Any CPU.Build.0 = Debug|Any CPU
		{BE7FC81D-D979-4BE3-BA9E-C772F519E15A}.Release|Any CPU.ActiveCfg = Release|Any CPU
		{BE7FC81D-D979-4BE3-BA9E-C772F519E15A}.Release|Any CPU.Build.0 = Release|Any CPU
	EndGlobalSection
	GlobalSection(SolutionProperties) = preSolution
		HideSolutionNode = FALSE
	EndGlobalSection
	GlobalSection(ExtensibilityGlobals) = postSolution
		SolutionGuid = {E396DCA3-6397-428E-A8C7-C2D44E4E3629}
	EndGlobalSection
EndGlobal
