
Microsoft Visual Studio Solution File, Format Version 12.00
# Visual Studio 15
VisualStudioVersion = 15.0.27130.2010
MinimumVisualStudioVersion = 10.0.40219.1
Project("{FAE04EC0-301F-11D3-BF4B-00C04F79EFBC}") = "01. Cubic Artillery", "01. Cubic Artillery\01. Cubic Artillery.csproj", "{F45D9A5B-EAC1-49CB-819C-676F4282AC48}"
EndProject
Project("{FAE04EC0-301F-11D3-BF4B-00C04F79EFBC}") = "02. Cubic's Rube", "02. Cubic's Rube\02. Cubic's Rube.csproj", "{AC98FB43-98E6-4315-8790-2405D9C1D183}"
EndProject
Project("{FAE04EC0-301F-11D3-BF4B-00C04F79EFBC}") = "03. Cubic Messages", "03. Cubic Messages\03. Cubic Messages.csproj", "{3B82A17C-58C9-4A4A-8B38-79E7BD35D1D4}"
EndProject
Project("{FAE04EC0-301F-11D3-BF4B-00C04F79EFBC}") = "04. Cubic Assault", "04. Cubic Assault\04. Cubic Assault.csproj", "{21AC47AC-0A4C-4104-A320-8AF55610BFD0}"
EndProject
Global
	GlobalSection(SolutionConfigurationPlatforms) = preSolution
		Debug|Any CPU = Debug|Any CPU
		Release|Any CPU = Release|Any CPU
	EndGlobalSection
	GlobalSection(ProjectConfigurationPlatforms) = postSolution
		{F45D9A5B-EAC1-49CB-819C-676F4282AC48}.Debug|Any CPU.ActiveCfg = Debug|Any CPU
		{F45D9A5B-EAC1-49CB-819C-676F4282AC48}.Debug|Any CPU.Build.0 = Debug|Any CPU
		{F45D9A5B-EAC1-49CB-819C-676F4282AC48}.Release|Any CPU.ActiveCfg = Release|Any CPU
		{F45D9A5B-EAC1-49CB-819C-676F4282AC48}.Release|Any CPU.Build.0 = Release|Any CPU
		{AC98FB43-98E6-4315-8790-2405D9C1D183}.Debug|Any CPU.ActiveCfg = Debug|Any CPU
		{AC98FB43-98E6-4315-8790-2405D9C1D183}.Debug|Any CPU.Build.0 = Debug|Any CPU
		{AC98FB43-98E6-4315-8790-2405D9C1D183}.Release|Any CPU.ActiveCfg = Release|Any CPU
		{AC98FB43-98E6-4315-8790-2405D9C1D183}.Release|Any CPU.Build.0 = Release|Any CPU
		{3B82A17C-58C9-4A4A-8B38-79E7BD35D1D4}.Debug|Any CPU.ActiveCfg = Debug|Any CPU
		{3B82A17C-58C9-4A4A-8B38-79E7BD35D1D4}.Debug|Any CPU.Build.0 = Debug|Any CPU
		{3B82A17C-58C9-4A4A-8B38-79E7BD35D1D4}.Release|Any CPU.ActiveCfg = Release|Any CPU
		{3B82A17C-58C9-4A4A-8B38-79E7BD35D1D4}.Release|Any CPU.Build.0 = Release|Any CPU
		{21AC47AC-0A4C-4104-A320-8AF55610BFD0}.Debug|Any CPU.ActiveCfg = Debug|Any CPU
		{21AC47AC-0A4C-4104-A320-8AF55610BFD0}.Debug|Any CPU.Build.0 = Debug|Any CPU
		{21AC47AC-0A4C-4104-A320-8AF55610BFD0}.Release|Any CPU.ActiveCfg = Release|Any CPU
		{21AC47AC-0A4C-4104-A320-8AF55610BFD0}.Release|Any CPU.Build.0 = Release|Any CPU
	EndGlobalSection
	GlobalSection(SolutionProperties) = preSolution
		HideSolutionNode = FALSE
	EndGlobalSection
	GlobalSection(ExtensibilityGlobals) = postSolution
		SolutionGuid = {534F8FE3-FB3E-42D6-9C35-426084619331}
	EndGlobalSection
EndGlobal
