
Microsoft Visual Studio Solution File, Format Version 12.00
# Visual Studio 15
VisualStudioVersion = 15.0.27130.2027
MinimumVisualStudioVersion = 10.0.40219.1
Project("{FAE04EC0-301F-11D3-BF4B-00C04F79EFBC}") = "01.Logger", "01.Logger\01.Logger.csproj", "{D149FC4C-03B6-486E-B310-A8FE919260AD}"
EndProject
Global
	GlobalSection(SolutionConfigurationPlatforms) = preSolution
		Debug|Any CPU = Debug|Any CPU
		Release|Any CPU = Release|Any CPU
	EndGlobalSection
	GlobalSection(ProjectConfigurationPlatforms) = postSolution
		{D149FC4C-03B6-486E-B310-A8FE919260AD}.Debug|Any CPU.ActiveCfg = Debug|Any CPU
		{D149FC4C-03B6-486E-B310-A8FE919260AD}.Debug|Any CPU.Build.0 = Debug|Any CPU
		{D149FC4C-03B6-486E-B310-A8FE919260AD}.Release|Any CPU.ActiveCfg = Release|Any CPU
		{D149FC4C-03B6-486E-B310-A8FE919260AD}.Release|Any CPU.Build.0 = Release|Any CPU
	EndGlobalSection
	GlobalSection(SolutionProperties) = preSolution
		HideSolutionNode = FALSE
	EndGlobalSection
	GlobalSection(ExtensibilityGlobals) = postSolution
		SolutionGuid = {00BA3C6D-C7E0-4864-A39C-D0C5A7B39CFE}
	EndGlobalSection
EndGlobal
